
Microsoft Visual Studio Solution File, Format Version 12.00
# Visual Studio Version 16
VisualStudioVersion = 16.0.32228.343
MinimumVisualStudioVersion = 10.0.40219.1
Project("{FAE04EC0-301F-11D3-BF4B-00C04F79EFBC}") = "Delegate-Part2", "Delegate-Part2\Delegate-Part2.csproj", "{19E8977C-5A32-4494-9A5C-74C6FEA30C14}"
EndProject
Project("{FAE04EC0-301F-11D3-BF4B-00C04F79EFBC}") = "Utils", "Utils\Utils.csproj", "{D6F3B991-5D9C-45FA-8FE2-B1A7885E70DD}"
EndProject
Global
	GlobalSection(SolutionConfigurationPlatforms) = preSolution
		Debug|Any CPU = Debug|Any CPU
		Release|Any CPU = Release|Any CPU
	EndGlobalSection
	GlobalSection(ProjectConfigurationPlatforms) = postSolution
		{19E8977C-5A32-4494-9A5C-74C6FEA30C14}.Debug|Any CPU.ActiveCfg = Debug|Any CPU
		{19E8977C-5A32-4494-9A5C-74C6FEA30C14}.Debug|Any CPU.Build.0 = Debug|Any CPU
		{19E8977C-5A32-4494-9A5C-74C6FEA30C14}.Release|Any CPU.ActiveCfg = Release|Any CPU
		{19E8977C-5A32-4494-9A5C-74C6FEA30C14}.Release|Any CPU.Build.0 = Release|Any CPU
		{D6F3B991-5D9C-45FA-8FE2-B1A7885E70DD}.Debug|Any CPU.ActiveCfg = Debug|Any CPU
		{D6F3B991-5D9C-45FA-8FE2-B1A7885E70DD}.Debug|Any CPU.Build.0 = Debug|Any CPU
		{D6F3B991-5D9C-45FA-8FE2-B1A7885E70DD}.Release|Any CPU.ActiveCfg = Release|Any CPU
		{D6F3B991-5D9C-45FA-8FE2-B1A7885E70DD}.Release|Any CPU.Build.0 = Release|Any CPU
	EndGlobalSection
	GlobalSection(SolutionProperties) = preSolution
		HideSolutionNode = FALSE
	EndGlobalSection
	GlobalSection(ExtensibilityGlobals) = postSolution
		SolutionGuid = {4384235D-1B81-48B7-A7C7-F1878CC9EA47}
	EndGlobalSection
EndGlobal
